
Microsoft Visual Studio Solution File, Format Version 12.00
# Visual Studio Version 16
VisualStudioVersion = 16.0.31019.35
MinimumVisualStudioVersion = 10.0.40219.1
Project("{FAE04EC0-301F-11D3-BF4B-00C04F79EFBC}") = "spp2", "spp2\spp2.csproj", "{A072E02C-0D21-4322-8316-46A6F3830423}"
EndProject
Global
	GlobalSection(SolutionConfigurationPlatforms) = preSolution
		Debug|Any CPU = Debug|Any CPU
		Release|Any CPU = Release|Any CPU
	EndGlobalSection
	GlobalSection(ProjectConfigurationPlatforms) = postSolution
		{A072E02C-0D21-4322-8316-46A6F3830423}.Debug|Any CPU.ActiveCfg = Debug|Any CPU
		{A072E02C-0D21-4322-8316-46A6F3830423}.Debug|Any CPU.Build.0 = Debug|Any CPU
		{A072E02C-0D21-4322-8316-46A6F3830423}.Release|Any CPU.ActiveCfg = Release|Any CPU
		{A072E02C-0D21-4322-8316-46A6F3830423}.Release|Any CPU.Build.0 = Release|Any CPU
	EndGlobalSection
	GlobalSection(SolutionProperties) = preSolution
		HideSolutionNode = FALSE
	EndGlobalSection
	GlobalSection(ExtensibilityGlobals) = postSolution
		SolutionGuid = {7280728B-08B7-40F2-93A6-6DD8B51B149C}
	EndGlobalSection
EndGlobal
