
Microsoft Visual Studio Solution File, Format Version 12.00
# Visual Studio Version 17
VisualStudioVersion = 17.1.32210.238
MinimumVisualStudioVersion = 10.0.40219.1
Project("{FAE04EC0-301F-11D3-BF4B-00C04F79EFBC}") = "Sever", "Sever\Sever.csproj", "{12436983-7932-453C-8ED9-227F2F62F773}"
EndProject
Global
	GlobalSection(SolutionConfigurationPlatforms) = preSolution
		Debug|Any CPU = Debug|Any CPU
		Release|Any CPU = Release|Any CPU
	EndGlobalSection
	GlobalSection(ProjectConfigurationPlatforms) = postSolution
		{12436983-7932-453C-8ED9-227F2F62F773}.Debug|Any CPU.ActiveCfg = Debug|Any CPU
		{12436983-7932-453C-8ED9-227F2F62F773}.Debug|Any CPU.Build.0 = Debug|Any CPU
		{12436983-7932-453C-8ED9-227F2F62F773}.Release|Any CPU.ActiveCfg = Release|Any CPU
		{12436983-7932-453C-8ED9-227F2F62F773}.Release|Any CPU.Build.0 = Release|Any CPU
	EndGlobalSection
	GlobalSection(SolutionProperties) = preSolution
		HideSolutionNode = FALSE
	EndGlobalSection
	GlobalSection(ExtensibilityGlobals) = postSolution
		SolutionGuid = {56E42263-2D3B-4910-93F5-111A27C701ED}
	EndGlobalSection
EndGlobal
