
Microsoft Visual Studio Solution File, Format Version 12.00
# Visual Studio Version 16
VisualStudioVersion = 16.0.31019.35
MinimumVisualStudioVersion = 10.0.40219.1
Project("{FAE04EC0-301F-11D3-BF4B-00C04F79EFBC}") = "spp1", "spp1\spp1.csproj", "{AFA1B60E-F9D0-49CC-BE34-AED435574096}"
EndProject
Global
	GlobalSection(SolutionConfigurationPlatforms) = preSolution
		Debug|Any CPU = Debug|Any CPU
		Release|Any CPU = Release|Any CPU
	EndGlobalSection
	GlobalSection(ProjectConfigurationPlatforms) = postSolution
		{AFA1B60E-F9D0-49CC-BE34-AED435574096}.Debug|Any CPU.ActiveCfg = Debug|Any CPU
		{AFA1B60E-F9D0-49CC-BE34-AED435574096}.Debug|Any CPU.Build.0 = Debug|Any CPU
		{AFA1B60E-F9D0-49CC-BE34-AED435574096}.Release|Any CPU.ActiveCfg = Release|Any CPU
		{AFA1B60E-F9D0-49CC-BE34-AED435574096}.Release|Any CPU.Build.0 = Release|Any CPU
	EndGlobalSection
	GlobalSection(SolutionProperties) = preSolution
		HideSolutionNode = FALSE
	EndGlobalSection
	GlobalSection(ExtensibilityGlobals) = postSolution
		SolutionGuid = {61454336-934B-431D-B1A9-C70F6B281833}
	EndGlobalSection
EndGlobal
